
Microsoft Visual Studio Solution File, Format Version 12.00
# Visual Studio Version 16
VisualStudioVersion = 16.0.32510.428
MinimumVisualStudioVersion = 10.0.40219.1
Project("{FAE04EC0-301F-11D3-BF4B-00C04F79EFBC}") = "MVCAssignment", "MVCAssignment\MVCAssignment.csproj", "{0762080B-D582-4CE8-9010-9540B30E78FA}"
EndProject
Global
	GlobalSection(SolutionConfigurationPlatforms) = preSolution
		Debug|Any CPU = Debug|Any CPU
		Release|Any CPU = Release|Any CPU
	EndGlobalSection
	GlobalSection(ProjectConfigurationPlatforms) = postSolution
		{0762080B-D582-4CE8-9010-9540B30E78FA}.Debug|Any CPU.ActiveCfg = Debug|Any CPU
		{0762080B-D582-4CE8-9010-9540B30E78FA}.Debug|Any CPU.Build.0 = Debug|Any CPU
		{0762080B-D582-4CE8-9010-9540B30E78FA}.Release|Any CPU.ActiveCfg = Release|Any CPU
		{0762080B-D582-4CE8-9010-9540B30E78FA}.Release|Any CPU.Build.0 = Release|Any CPU
	EndGlobalSection
	GlobalSection(SolutionProperties) = preSolution
		HideSolutionNode = FALSE
	EndGlobalSection
	GlobalSection(ExtensibilityGlobals) = postSolution
		SolutionGuid = {25C6BE36-AC06-4F41-848E-368D069058AC}
	EndGlobalSection
EndGlobal
