
Microsoft Visual Studio Solution File, Format Version 12.00
# Visual Studio Version 16
VisualStudioVersion = 16.0.32510.428
MinimumVisualStudioVersion = 10.0.40219.1
Project("{FAE04EC0-301F-11D3-BF4B-00C04F79EFBC}") = "CasesStudy1", "CasesStudy1\CasesStudy1.csproj", "{5422BBD3-B0AB-4DC9-A182-0C6E2A9123B5}"
EndProject
Global
	GlobalSection(SolutionConfigurationPlatforms) = preSolution
		Debug|Any CPU = Debug|Any CPU
		Release|Any CPU = Release|Any CPU
	EndGlobalSection
	GlobalSection(ProjectConfigurationPlatforms) = postSolution
		{5422BBD3-B0AB-4DC9-A182-0C6E2A9123B5}.Debug|Any CPU.ActiveCfg = Debug|Any CPU
		{5422BBD3-B0AB-4DC9-A182-0C6E2A9123B5}.Debug|Any CPU.Build.0 = Debug|Any CPU
		{5422BBD3-B0AB-4DC9-A182-0C6E2A9123B5}.Release|Any CPU.ActiveCfg = Release|Any CPU
		{5422BBD3-B0AB-4DC9-A182-0C6E2A9123B5}.Release|Any CPU.Build.0 = Release|Any CPU
	EndGlobalSection
	GlobalSection(SolutionProperties) = preSolution
		HideSolutionNode = FALSE
	EndGlobalSection
	GlobalSection(ExtensibilityGlobals) = postSolution
		SolutionGuid = {680C86B7-0F69-4070-A3FA-29D151B61571}
	EndGlobalSection
EndGlobal
