
Microsoft Visual Studio Solution File, Format Version 12.00
# Visual Studio Version 16
VisualStudioVersion = 16.0.32413.511
MinimumVisualStudioVersion = 10.0.40219.1
Project("{FAE04EC0-301F-11D3-BF4B-00C04F79EFBC}") = "Assignment no 5", "Assignment no 5\Assignment no 5.csproj", "{1CA60083-4723-495B-BA95-B77B5E065E3F}"
EndProject
Global
	GlobalSection(SolutionConfigurationPlatforms) = preSolution
		Debug|Any CPU = Debug|Any CPU
		Release|Any CPU = Release|Any CPU
	EndGlobalSection
	GlobalSection(ProjectConfigurationPlatforms) = postSolution
		{1CA60083-4723-495B-BA95-B77B5E065E3F}.Debug|Any CPU.ActiveCfg = Debug|Any CPU
		{1CA60083-4723-495B-BA95-B77B5E065E3F}.Debug|Any CPU.Build.0 = Debug|Any CPU
		{1CA60083-4723-495B-BA95-B77B5E065E3F}.Release|Any CPU.ActiveCfg = Release|Any CPU
		{1CA60083-4723-495B-BA95-B77B5E065E3F}.Release|Any CPU.Build.0 = Release|Any CPU
	EndGlobalSection
	GlobalSection(SolutionProperties) = preSolution
		HideSolutionNode = FALSE
	EndGlobalSection
	GlobalSection(ExtensibilityGlobals) = postSolution
		SolutionGuid = {374C4EB2-ED33-48D6-8BE7-8D06F986F01F}
	EndGlobalSection
EndGlobal
